// !$*UTF8*$!
{
	archiveVersion = 1;
	classes = {
	};
	objectVersion = 56;
	objects = {

/* Begin PBXBuildFile section */
		DAA2E5FD2B14E53C00BEE444 /* AppDelegate.swift in Sources */ = {isa = PBXBuildFile; fileRef = DAA2E5FC2B14E53C00BEE444 /* AppDelegate.swift */; };
		DAA2E5FF2B14E53C00BEE444 /* SceneDelegate.swift in Sources */ = {isa = PBXBuildFile; fileRef = DAA2E5FE2B14E53C00BEE444 /* SceneDelegate.swift */; };
		DAA2E6012B14E53C00BEE444 /* EpisodesViewController.swift in Sources */ = {isa = PBXBuildFile; fileRef = DAA2E6002B14E53C00BEE444 /* EpisodesViewController.swift */; };
		DAA2E6062B14E53C00BEE444 /* Assets.xcassets in Resources */ = {isa = PBXBuildFile; fileRef = DAA2E6052B14E53C00BEE444 /* Assets.xcassets */; };
		DAA2E6092B14E53C00BEE444 /* LaunchScreen.storyboard in Resources */ = {isa = PBXBuildFile; fileRef = DAA2E6072B14E53C00BEE444 /* LaunchScreen.storyboard */; };
		DAA2E6122B14E58600BEE444 /* Model.swift in Sources */ = {isa = PBXBuildFile; fileRef = DAA2E6112B14E58600BEE444 /* Model.swift */; };
		DAA2E6152B14E5B400BEE444 /* CollectionViewCell.swift in Sources */ = {isa = PBXBuildFile; fileRef = DAA2E6142B14E5B400BEE444 /* CollectionViewCell.swift */; };
		DAA2E6182B14F79300BEE444 /* RMTabBarViewController.swift in Sources */ = {isa = PBXBuildFile; fileRef = DAA2E6172B14F79300BEE444 /* RMTabBarViewController.swift */; };
		DAE673FC2B164B920023B621 /* CharacterDetailViewController.swift in Sources */ = {isa = PBXBuildFile; fileRef = DAE673FB2B164B920023B621 /* CharacterDetailViewController.swift */; };
		DAE673FE2B164BA90023B621 /* FavouritesViewController.swift in Sources */ = {isa = PBXBuildFile; fileRef = DAE673FD2B164BA90023B621 /* FavouritesViewController.swift */; };
		DAE674002B179F760023B621 /* LaunchViewController.swift in Sources */ = {isa = PBXBuildFile; fileRef = DAE673FF2B179F760023B621 /* LaunchViewController.swift */; };
		DAE674022B18CA3F0023B621 /* FavouritesCollectionViewCell.swift in Sources */ = {isa = PBXBuildFile; fileRef = DAE674012B18CA3F0023B621 /* FavouritesCollectionViewCell.swift */; };
		DAE674042B18F9A80023B621 /* FavouritesManager.swift in Sources */ = {isa = PBXBuildFile; fileRef = DAE674032B18F9A80023B621 /* FavouritesManager.swift */; };
/* End PBXBuildFile section */

/* Begin PBXFileReference section */
		DAA2E5F92B14E53C00BEE444 /* test.app */ = {isa = PBXFileReference; explicitFileType = wrapper.application; includeInIndex = 0; path = test.app; sourceTree = BUILT_PRODUCTS_DIR; };
		DAA2E5FC2B14E53C00BEE444 /* AppDelegate.swift */ = {isa = PBXFileReference; lastKnownFileType = sourcecode.swift; path = AppDelegate.swift; sourceTree = "<group>"; };
		DAA2E5FE2B14E53C00BEE444 /* SceneDelegate.swift */ = {isa = PBXFileReference; lastKnownFileType = sourcecode.swift; path = SceneDelegate.swift; sourceTree = "<group>"; };
		DAA2E6002B14E53C00BEE444 /* EpisodesViewController.swift */ = {isa = PBXFileReference; lastKnownFileType = sourcecode.swift; path = EpisodesViewController.swift; sourceTree = "<group>"; };
		DAA2E6052B14E53C00BEE444 /* Assets.xcassets */ = {isa = PBXFileReference; lastKnownFileType = folder.assetcatalog; path = Assets.xcassets; sourceTree = "<group>"; };
		DAA2E6082B14E53C00BEE444 /* Base */ = {isa = PBXFileReference; lastKnownFileType = file.storyboard; name = Base; path = Base.lproj/LaunchScreen.storyboard; sourceTree = "<group>"; };
		DAA2E60A2B14E53C00BEE444 /* Info.plist */ = {isa = PBXFileReference; lastKnownFileType = text.plist.xml; path = Info.plist; sourceTree = "<group>"; };
		DAA2E6112B14E58600BEE444 /* Model.swift */ = {isa = PBXFileReference; lastKnownFileType = sourcecode.swift; path = Model.swift; sourceTree = "<group>"; };
		DAA2E6142B14E5B400BEE444 /* CollectionViewCell.swift */ = {isa = PBXFileReference; lastKnownFileType = sourcecode.swift; path = CollectionViewCell.swift; sourceTree = "<group>"; };
		DAA2E6172B14F79300BEE444 /* RMTabBarViewController.swift */ = {isa = PBXFileReference; lastKnownFileType = sourcecode.swift; path = RMTabBarViewController.swift; sourceTree = "<group>"; };
		DAE673FB2B164B920023B621 /* CharacterDetailViewController.swift */ = {isa = PBXFileReference; lastKnownFileType = sourcecode.swift; path = CharacterDetailViewController.swift; sourceTree = "<group>"; };
		DAE673FD2B164BA90023B621 /* FavouritesViewController.swift */ = {isa = PBXFileReference; lastKnownFileType = sourcecode.swift; path = FavouritesViewController.swift; sourceTree = "<group>"; };
		DAE673FF2B179F760023B621 /* LaunchViewController.swift */ = {isa = PBXFileReference; lastKnownFileType = sourcecode.swift; path = LaunchViewController.swift; sourceTree = "<group>"; };
		DAE674012B18CA3F0023B621 /* FavouritesCollectionViewCell.swift */ = {isa = PBXFileReference; lastKnownFileType = sourcecode.swift; path = FavouritesCollectionViewCell.swift; sourceTree = "<group>"; };
		DAE674032B18F9A80023B621 /* FavouritesManager.swift */ = {isa = PBXFileReference; lastKnownFileType = sourcecode.swift; path = FavouritesManager.swift; sourceTree = "<group>"; };
/* End PBXFileReference section */

/* Begin PBXFrameworksBuildPhase section */
		DAA2E5F62B14E53C00BEE444 /* Frameworks */ = {
			isa = PBXFrameworksBuildPhase;
			buildActionMask = 2147483647;
			files = (
			);
			runOnlyForDeploymentPostprocessing = 0;
		};
/* End PBXFrameworksBuildPhase section */

/* Begin PBXGroup section */
		DAA2E5F02B14E53C00BEE444 = {
			isa = PBXGroup;
			children = (
				DAA2E5FB2B14E53C00BEE444 /* test */,
				DAA2E5FA2B14E53C00BEE444 /* Products */,
			);
			sourceTree = "<group>";
		};
		DAA2E5FA2B14E53C00BEE444 /* Products */ = {
			isa = PBXGroup;
			children = (
				DAA2E5F92B14E53C00BEE444 /* test.app */,
			);
			name = Products;
			sourceTree = "<group>";
		};
		DAA2E5FB2B14E53C00BEE444 /* test */ = {
			isa = PBXGroup;
			children = (
				DAA2E5FC2B14E53C00BEE444 /* AppDelegate.swift */,
				DAA2E5FE2B14E53C00BEE444 /* SceneDelegate.swift */,
				DAE674032B18F9A80023B621 /* FavouritesManager.swift */,
				DAA2E6132B14E58900BEE444 /* Model */,
				DAA2E6102B14E56800BEE444 /* Controller */,
				DAA2E6052B14E53C00BEE444 /* Assets.xcassets */,
				DAA2E6072B14E53C00BEE444 /* LaunchScreen.storyboard */,
				DAA2E60A2B14E53C00BEE444 /* Info.plist */,
			);
			path = test;
			sourceTree = "<group>";
		};
		DAA2E6102B14E56800BEE444 /* Controller */ = {
			isa = PBXGroup;
			children = (
				DAA2E6002B14E53C00BEE444 /* EpisodesViewController.swift */,
				DAE673FD2B164BA90023B621 /* FavouritesViewController.swift */,
				DAE673FB2B164B920023B621 /* CharacterDetailViewController.swift */,
				DAA2E6172B14F79300BEE444 /* RMTabBarViewController.swift */,
				DAE673FF2B179F760023B621 /* LaunchViewController.swift */,
			);
			path = Controller;
			sourceTree = "<group>";
		};
		DAA2E6132B14E58900BEE444 /* Model */ = {
			isa = PBXGroup;
			children = (
				DAA2E6112B14E58600BEE444 /* Model.swift */,
				DAA2E6162B14E5E100BEE444 /* View */,
			);
			path = Model;
			sourceTree = "<group>";
		};
		DAA2E6162B14E5E100BEE444 /* View */ = {
			isa = PBXGroup;
			children = (
				DAA2E6142B14E5B400BEE444 /* CollectionViewCell.swift */,
				DAE674012B18CA3F0023B621 /* FavouritesCollectionViewCell.swift */,
			);
			path = View;
			sourceTree = "<group>";
		};
/* End PBXGroup section */

/* Begin PBXNativeTarget section */
		DAA2E5F82B14E53C00BEE444 /* test */ = {
			isa = PBXNativeTarget;
			buildConfigurationList = DAA2E60D2B14E53C00BEE444 /* Build configuration list for PBXNativeTarget "test" */;
			buildPhases = (
				DAA2E5F52B14E53C00BEE444 /* Sources */,
				DAA2E5F62B14E53C00BEE444 /* Frameworks */,
				DAA2E5F72B14E53C00BEE444 /* Resources */,
			);
			buildRules = (
			);
			dependencies = (
			);
			name = test;
			productName = test;
			productReference = DAA2E5F92B14E53C00BEE444 /* test.app */;
			productType = "com.apple.product-type.application";
		};
/* End PBXNativeTarget section */

/* Begin PBXProject section */
		DAA2E5F12B14E53C00BEE444 /* Project object */ = {
			isa = PBXProject;
			attributes = {
				BuildIndependentTargetsInParallel = 1;
				LastSwiftUpdateCheck = 1410;
				LastUpgradeCheck = 1410;
				TargetAttributes = {
					DAA2E5F82B14E53C00BEE444 = {
						CreatedOnToolsVersion = 14.1;
					};
				};
			};
			buildConfigurationList = DAA2E5F42B14E53C00BEE444 /* Build configuration list for PBXProject "test" */;
			compatibilityVersion = "Xcode 14.0";
			developmentRegion = en;
			hasScannedForEncodings = 0;
			knownRegions = (
				en,
				Base,
			);
			mainGroup = DAA2E5F02B14E53C00BEE444;
			productRefGroup = DAA2E5FA2B14E53C00BEE444 /* Products */;
			projectDirPath = "";
			projectRoot = "";
			targets = (
				DAA2E5F82B14E53C00BEE444 /* test */,
			);
		};
/* End PBXProject section */

/* Begin PBXResourcesBuildPhase section */
		DAA2E5F72B14E53C00BEE444 /* Resources */ = {
			isa = PBXResourcesBuildPhase;
			buildActionMask = 2147483647;
			files = (
				DAA2E6092B14E53C00BEE444 /* LaunchScreen.storyboard in Resources */,
				DAA2E6062B14E53C00BEE444 /* Assets.xcassets in Resources */,
			);
			runOnlyForDeploymentPostprocessing = 0;
		};
/* End PBXResourcesBuildPhase section */

/* Begin PBXSourcesBuildPhase section */
		DAA2E5F52B14E53C00BEE444 /* Sources */ = {
			isa = PBXSourcesBuildPhase;
			buildActionMask = 2147483647;
			files = (
				DAE673FE2B164BA90023B621 /* FavouritesViewController.swift in Sources */,
				DAE674042B18F9A80023B621 /* FavouritesManager.swift in Sources */,
				DAE673FC2B164B920023B621 /* CharacterDetailViewController.swift in Sources */,
				DAE674022B18CA3F0023B621 /* FavouritesCollectionViewCell.swift in Sources */,
				DAA2E6012B14E53C00BEE444 /* EpisodesViewController.swift in Sources */,
				DAA2E5FD2B14E53C00BEE444 /* AppDelegate.swift in Sources */,
				DAA2E6152B14E5B400BEE444 /* CollectionViewCell.swift in Sources */,
				DAA2E5FF2B14E53C00BEE444 /* SceneDelegate.swift in Sources */,
				DAA2E6122B14E58600BEE444 /* Model.swift in Sources */,
				DAE674002B179F760023B621 /* LaunchViewController.swift in Sources */,
				DAA2E6182B14F79300BEE444 /* RMTabBarViewController.swift in Sources */,
			);
			runOnlyForDeploymentPostprocessing = 0;
		};
/* End PBXSourcesBuildPhase section */

/* Begin PBXVariantGroup section */
		DAA2E6072B14E53C00BEE444 /* LaunchScreen.storyboard */ = {
			isa = PBXVariantGroup;
			children = (
				DAA2E6082B14E53C00BEE444 /* Base */,
			);
			name = LaunchScreen.storyboard;
			sourceTree = "<group>";
		};
/* End PBXVariantGroup section */

/* Begin XCBuildConfiguration section */
		DAA2E60B2B14E53C00BEE444 /* Debug */ = {
			isa = XCBuildConfiguration;
			buildSettings = {
				ALWAYS_SEARCH_USER_PATHS = NO;
				CLANG_ANALYZER_NONNULL = YES;
				CLANG_ANALYZER_NUMBER_OBJECT_CONVERSION = YES_AGGRESSIVE;
				CLANG_CXX_LANGUAGE_STANDARD = "gnu++20";
				CLANG_ENABLE_MODULES = YES;
				CLANG_ENABLE_OBJC_ARC = YES;
				CLANG_ENABLE_OBJC_WEAK = YES;
				CLANG_WARN_BLOCK_CAPTURE_AUTORELEASING = YES;
				CLANG_WARN_BOOL_CONVERSION = YES;
				CLANG_WARN_COMMA = YES;
				CLANG_WARN_CONSTANT_CONVERSION = YES;
				CLANG_WARN_DEPRECATED_OBJC_IMPLEMENTATIONS = YES;
				CLANG_WARN_DIRECT_OBJC_ISA_USAGE = YES_ERROR;
				CLANG_WARN_DOCUMENTATION_COMMENTS = YES;
				CLANG_WARN_EMPTY_BODY = YES;
				CLANG_WARN_ENUM_CONVERSION = YES;
				CLANG_WARN_INFINITE_RECURSION = YES;
				CLANG_WARN_INT_CONVERSION = YES;
				CLANG_WARN_NON_LITERAL_NULL_CONVERSION = YES;
				CLANG_WARN_OBJC_IMPLICIT_RETAIN_SELF = YES;
				CLANG_WARN_OBJC_LITERAL_CONVERSION = YES;
				CLANG_WARN_OBJC_ROOT_CLASS = YES_ERROR;
				CLANG_WARN_QUOTED_INCLUDE_IN_FRAMEWORK_HEADER = YES;
				CLANG_WARN_RANGE_LOOP_ANALYSIS = YES;
				CLANG_WARN_STRICT_PROTOTYPES = YES;
				CLANG_WARN_SUSPICIOUS_MOVE = YES;
				CLANG_WARN_UNGUARDED_AVAILABILITY = YES_AGGRESSIVE;
				CLANG_WARN_UNREACHABLE_CODE = YES;
				CLANG_WARN__DUPLICATE_METHOD_MATCH = YES;
				COPY_PHASE_STRIP = NO;
				DEBUG_INFORMATION_FORMAT = dwarf;
				ENABLE_STRICT_OBJC_MSGSEND = YES;
				ENABLE_TESTABILITY = YES;
				GCC_C_LANGUAGE_STANDARD = gnu11;
				GCC_DYNAMIC_NO_PIC = NO;
				GCC_NO_COMMON_BLOCKS = YES;
				GCC_OPTIMIZATION_LEVEL = 0;
				GCC_PREPROCESSOR_DEFINITIONS = (
					"DEBUG=1",
					"$(inherited)",
				);
				GCC_WARN_64_TO_32_BIT_CONVERSION = YES;
				GCC_WARN_ABOUT_RETURN_TYPE = YES_ERROR;
				GCC_WARN_UNDECLARED_SELECTOR = YES;
				GCC_WARN_UNINITIALIZED_AUTOS = YES_AGGRESSIVE;
				GCC_WARN_UNUSED_FUNCTION = YES;
				GCC_WARN_UNUSED_VARIABLE = YES;
				IPHONEOS_DEPLOYMENT_TARGET = 16.1;
				MTL_ENABLE_DEBUG_INFO = INCLUDE_SOURCE;
				MTL_FAST_MATH = YES;
				ONLY_ACTIVE_ARCH = YES;
				SDKROOT = iphoneos;
				SWIFT_ACTIVE_COMPILATION_CONDITIONS = DEBUG;
				SWIFT_OPTIMIZATION_LEVEL = "-Onone";
			};
			name = Debug;
		};
		DAA2E60C2B14E53C00BEE444 /* Release */ = {
			isa = XCBuildConfiguration;
			buildSettings = {
				ALWAYS_SEARCH_USER_PATHS = NO;
				CLANG_ANALYZER_NONNULL = YES;
				CLANG_ANALYZER_NUMBER_OBJECT_CONVERSION = YES_AGGRESSIVE;
				CLANG_CXX_LANGUAGE_STANDARD = "gnu++20";
				CLANG_ENABLE_MODULES = YES;
				CLANG_ENABLE_OBJC_ARC = YES;
				CLANG_ENABLE_OBJC_WEAK = YES;
				CLANG_WARN_BLOCK_CAPTURE_AUTORELEASING = YES;
				CLANG_WARN_BOOL_CONVERSION = YES;
				CLANG_WARN_COMMA = YES;
				CLANG_WARN_CONSTANT_CONVERSION = YES;
				CLANG_WARN_DEPRECATED_OBJC_IMPLEMENTATIONS = YES;
				CLANG_WARN_DIRECT_OBJC_ISA_USAGE = YES_ERROR;
				CLANG_WARN_DOCUMENTATION_COMMENTS = YES;
				CLANG_WARN_EMPTY_BODY = YES;
				CLANG_WARN_ENUM_CONVERSION = YES;
				CLANG_WARN_INFINITE_RECURSION = YES;
				CLANG_WARN_INT_CONVERSION = YES;
				CLANG_WARN_NON_LITERAL_NULL_CONVERSION = YES;
				CLANG_WARN_OBJC_IMPLICIT_RETAIN_SELF = YES;
				CLANG_WARN_OBJC_LITERAL_CONVERSION = YES;
				CLANG_WARN_OBJC_ROOT_CLASS = YES_ERROR;
				CLANG_WARN_QUOTED_INCLUDE_IN_FRAMEWORK_HEADER = YES;
				CLANG_WARN_RANGE_LOOP_ANALYSIS = YES;
				CLANG_WARN_STRICT_PROTOTYPES = YES;
				CLANG_WARN_SUSPICIOUS_MOVE = YES;
				CLANG_WARN_UNGUARDED_AVAILABILITY = YES_AGGRESSIVE;
				CLANG_WARN_UNREACHABLE_CODE = YES;
				CLANG_WARN__DUPLICATE_METHOD_MATCH = YES;
				COPY_PHASE_STRIP = NO;
				DEBUG_INFORMATION_FORMAT = "dwarf-with-dsym";
				ENABLE_NS_ASSERTIONS = NO;
				ENABLE_STRICT_OBJC_MSGSEND = YES;
				GCC_C_LANGUAGE_STANDARD = gnu11;
				GCC_NO_COMMON_BLOCKS = YES;
				GCC_WARN_64_TO_32_BIT_CONVERSION = YES;
				GCC_WARN_ABOUT_RETURN_TYPE = YES_ERROR;
				GCC_WARN_UNDECLARED_SELECTOR = YES;
				GCC_WARN_UNINITIALIZED_AUTOS = YES_AGGRESSIVE;
				GCC_WARN_UNUSED_FUNCTION = YES;
				GCC_WARN_UNUSED_VARIABLE = YES;
				IPHONEOS_DEPLOYMENT_TARGET = 16.1;
				MTL_ENABLE_DEBUG_INFO = NO;
				MTL_FAST_MATH = YES;
				SDKROOT = iphoneos;
				SWIFT_COMPILATION_MODE = wholemodule;
				SWIFT_OPTIMIZATION_LEVEL = "-O";
				VALIDATE_PRODUCT = YES;
			};
			name = Release;
		};
		DAA2E60E2B14E53C00BEE444 /* Debug */ = {
			isa = XCBuildConfiguration;
			buildSettings = {
				ASSETCATALOG_COMPILER_APPICON_NAME = AppIcon;
				ASSETCATALOG_COMPILER_GLOBAL_ACCENT_COLOR_NAME = AccentColor;
				CODE_SIGN_STYLE = Automatic;
				CURRENT_PROJECT_VERSION = 1;
				GENERATE_INFOPLIST_FILE = YES;
				INFOPLIST_FILE = test/Info.plist;
				INFOPLIST_KEY_UIApplicationSupportsIndirectInputEvents = YES;
				INFOPLIST_KEY_UILaunchStoryboardName = LaunchScreen;
				INFOPLIST_KEY_UISupportedInterfaceOrientations_iPad = "UIInterfaceOrientationPortrait UIInterfaceOrientationPortraitUpsideDown UIInterfaceOrientationLandscapeLeft UIInterfaceOrientationLandscapeRight";
				INFOPLIST_KEY_UISupportedInterfaceOrientations_iPhone = "UIInterfaceOrientationPortrait UIInterfaceOrientationLandscapeLeft UIInterfaceOrientationLandscapeRight";
				LD_RUNPATH_SEARCH_PATHS = (
					"$(inherited)",
					"@executable_path/Frameworks",
				);
				MARKETING_VERSION = 1.0;
				PRODUCT_BUNDLE_IDENTIFIER = "-1.test";
				PRODUCT_NAME = "$(TARGET_NAME)";
				SUPPORTED_PLATFORMS = "iphoneos iphonesimulator";
				SUPPORTS_MACCATALYST = NO;
				SUPPORTS_MAC_DESIGNED_FOR_IPHONE_IPAD = NO;
				SWIFT_EMIT_LOC_STRINGS = YES;
				SWIFT_VERSION = 5.0;
				TARGETED_DEVICE_FAMILY = 1;
			};
			name = Debug;
		};
		DAA2E60F2B14E53C00BEE444 /* Release */ = {
			isa = XCBuildConfiguration;
			buildSettings = {
				ASSETCATALOG_COMPILER_APPICON_NAME = AppIcon;
				ASSETCATALOG_COMPILER_GLOBAL_ACCENT_COLOR_NAME = AccentColor;
				CODE_SIGN_STYLE = Automatic;
				CURRENT_PROJECT_VERSION = 1;
				GENERATE_INFOPLIST_FILE = YES;
				INFOPLIST_FILE = test/Info.plist;
				INFOPLIST_KEY_UIApplicationSupportsIndirectInputEvents = YES;
				INFOPLIST_KEY_UILaunchStoryboardName = LaunchScreen;
				INFOPLIST_KEY_UISupportedInterfaceOrientations_iPad = "UIInterfaceOrientationPortrait UIInterfaceOrientationPortraitUpsideDown UIInterfaceOrientationLandscapeLeft UIInterfaceOrientationLandscapeRight";
				INFOPLIST_KEY_UISupportedInterfaceOrientations_iPhone = "UIInterfaceOrientationPortrait UIInterfaceOrientationLandscapeLeft UIInterfaceOrientationLandscapeRight";
				LD_RUNPATH_SEARCH_PATHS = (
					"$(inherited)",
					"@executable_path/Frameworks",
				);
				MARKETING_VERSION = 1.0;
				PRODUCT_BUNDLE_IDENTIFIER = "-1.test";
				PRODUCT_NAME = "$(TARGET_NAME)";
				SUPPORTED_PLATFORMS = "iphoneos iphonesimulator";
				SUPPORTS_MACCATALYST = NO;
				SUPPORTS_MAC_DESIGNED_FOR_IPHONE_IPAD = NO;
				SWIFT_EMIT_LOC_STRINGS = YES;
				SWIFT_VERSION = 5.0;
				TARGETED_DEVICE_FAMILY = 1;
			};
			name = Release;
		};
/* End XCBuildConfiguration section */

/* Begin XCConfigurationList section */
		DAA2E5F42B14E53C00BEE444 /* Build configuration list for PBXProject "test" */ = {
			isa = XCConfigurationList;
			buildConfigurations = (
				DAA2E60B2B14E53C00BEE444 /* Debug */,
				DAA2E60C2B14E53C00BEE444 /* Release */,
			);
			defaultConfigurationIsVisible = 0;
			defaultConfigurationName = Release;
		};
		DAA2E60D2B14E53C00BEE444 /* Build configuration list for PBXNativeTarget "test" */ = {
			isa = XCConfigurationList;
			buildConfigurations = (
				DAA2E60E2B14E53C00BEE444 /* Debug */,
				DAA2E60F2B14E53C00BEE444 /* Release */,
			);
			defaultConfigurationIsVisible = 0;
			defaultConfigurationName = Release;
		};
/* End XCConfigurationList section */
	};
	rootObject = DAA2E5F12B14E53C00BEE444 /* Project object */;
}
